
Microsoft Visual Studio Solution File, Format Version 12.00
Project("{FAE04EC0-301F-11D3-BF4B-00C04F79EFBC}") = "Domain", "Domain\Domain.csproj", "{1A9082B0-D80F-4B56-A0BB-2478FB7F991A}"
EndProject
Project("{FAE04EC0-301F-11D3-BF4B-00C04F79EFBC}") = "Blazor", "Blazor\Blazor.csproj", "{C9FBBADC-47A4-444E-958B-627F2EB9BCDC}"
EndProject
Project("{FAE04EC0-301F-11D3-BF4B-00C04F79EFBC}") = "FileData", "FileData\FileData.csproj", "{17E02FF4-133D-4AD6-93A9-D41D01B72CF3}"
EndProject
Project("{FAE04EC0-301F-11D3-BF4B-00C04F79EFBC}") = "WebAPI", "WebAPI\WebAPI.csproj", "{5215B104-F126-466D-A2A6-A18DBC02952E}"
EndProject
Project("{FAE04EC0-301F-11D3-BF4B-00C04F79EFBC}") = "HttpServices", "HttpServices\HttpServices.csproj", "{422288F5-843E-40C4-B704-A09300E1AAF9}"
EndProject
Project("{FAE04EC0-301F-11D3-BF4B-00C04F79EFBC}") = "EfcData", "EfcData\EfcData.csproj", "{D35FAD71-EE6D-4DB1-8224-1061FA1160A1}"
EndProject
Global
	GlobalSection(SolutionConfigurationPlatforms) = preSolution
		Debug|Any CPU = Debug|Any CPU
		Release|Any CPU = Release|Any CPU
	EndGlobalSection
	GlobalSection(ProjectConfigurationPlatforms) = postSolution
		{1A9082B0-D80F-4B56-A0BB-2478FB7F991A}.Debug|Any CPU.ActiveCfg = Debug|Any CPU
		{1A9082B0-D80F-4B56-A0BB-2478FB7F991A}.Debug|Any CPU.Build.0 = Debug|Any CPU
		{1A9082B0-D80F-4B56-A0BB-2478FB7F991A}.Release|Any CPU.ActiveCfg = Release|Any CPU
		{1A9082B0-D80F-4B56-A0BB-2478FB7F991A}.Release|Any CPU.Build.0 = Release|Any CPU
		{C9FBBADC-47A4-444E-958B-627F2EB9BCDC}.Debug|Any CPU.ActiveCfg = Debug|Any CPU
		{C9FBBADC-47A4-444E-958B-627F2EB9BCDC}.Debug|Any CPU.Build.0 = Debug|Any CPU
		{C9FBBADC-47A4-444E-958B-627F2EB9BCDC}.Release|Any CPU.ActiveCfg = Release|Any CPU
		{C9FBBADC-47A4-444E-958B-627F2EB9BCDC}.Release|Any CPU.Build.0 = Release|Any CPU
		{17E02FF4-133D-4AD6-93A9-D41D01B72CF3}.Debug|Any CPU.ActiveCfg = Debug|Any CPU
		{17E02FF4-133D-4AD6-93A9-D41D01B72CF3}.Debug|Any CPU.Build.0 = Debug|Any CPU
		{17E02FF4-133D-4AD6-93A9-D41D01B72CF3}.Release|Any CPU.ActiveCfg = Release|Any CPU
		{17E02FF4-133D-4AD6-93A9-D41D01B72CF3}.Release|Any CPU.Build.0 = Release|Any CPU
		{5215B104-F126-466D-A2A6-A18DBC02952E}.Debug|Any CPU.ActiveCfg = Debug|Any CPU
		{5215B104-F126-466D-A2A6-A18DBC02952E}.Debug|Any CPU.Build.0 = Debug|Any CPU
		{5215B104-F126-466D-A2A6-A18DBC02952E}.Release|Any CPU.ActiveCfg = Release|Any CPU
		{5215B104-F126-466D-A2A6-A18DBC02952E}.Release|Any CPU.Build.0 = Release|Any CPU
		{422288F5-843E-40C4-B704-A09300E1AAF9}.Debug|Any CPU.ActiveCfg = Debug|Any CPU
		{422288F5-843E-40C4-B704-A09300E1AAF9}.Debug|Any CPU.Build.0 = Debug|Any CPU
		{422288F5-843E-40C4-B704-A09300E1AAF9}.Release|Any CPU.ActiveCfg = Release|Any CPU
		{422288F5-843E-40C4-B704-A09300E1AAF9}.Release|Any CPU.Build.0 = Release|Any CPU
		{D35FAD71-EE6D-4DB1-8224-1061FA1160A1}.Debug|Any CPU.ActiveCfg = Debug|Any CPU
		{D35FAD71-EE6D-4DB1-8224-1061FA1160A1}.Debug|Any CPU.Build.0 = Debug|Any CPU
		{D35FAD71-EE6D-4DB1-8224-1061FA1160A1}.Release|Any CPU.ActiveCfg = Release|Any CPU
		{D35FAD71-EE6D-4DB1-8224-1061FA1160A1}.Release|Any CPU.Build.0 = Release|Any CPU
	EndGlobalSection
EndGlobal
